// !$*UTF8*$!
{
	archiveVersion = 1;
	classes = {
	};
	objectVersion = 46;
	objects = {

/* Begin PBXBuildFile section */
		3C9D65C31BC2B24C00268288 /* main.m in Sources */ = {isa = PBXBuildFile; fileRef = 3C9D65C21BC2B24C00268288 /* main.m */; };
		3C9D65C61BC2B24C00268288 /* AppDelegate.m in Sources */ = {isa = PBXBuildFile; fileRef = 3C9D65C51BC2B24C00268288 /* AppDelegate.m */; };
		3C9D65C91BC2B24C00268288 /* ViewController.m in Sources */ = {isa = PBXBuildFile; fileRef = 3C9D65C81BC2B24C00268288 /* ViewController.m */; };
		3C9D65CC1BC2B24C00268288 /* Main.storyboard in Resources */ = {isa = PBXBuildFile; fileRef = 3C9D65CA1BC2B24C00268288 /* Main.storyboard */; };
		3C9D65CE1BC2B24C00268288 /* Assets.xcassets in Resources */ = {isa = PBXBuildFile; fileRef = 3C9D65CD1BC2B24C00268288 /* Assets.xcassets */; };
		3C9D65D11BC2B24C00268288 /* LaunchScreen.storyboard in Resources */ = {isa = PBXBuildFile; fileRef = 3C9D65CF1BC2B24C00268288 /* LaunchScreen.storyboard */; };
		3C9D65DC1BC2B24C00268288 /* NewCALayerTests.m in Sources */ = {isa = PBXBuildFile; fileRef = 3C9D65DB1BC2B24C00268288 /* NewCALayerTests.m */; };
		3C9D65E71BC2B24C00268288 /* NewCALayerUITests.m in Sources */ = {isa = PBXBuildFile; fileRef = 3C9D65E61BC2B24C00268288 /* NewCALayerUITests.m */; };
/* End PBXBuildFile section */

/* Begin PBXContainerItemProxy section */
		3C9D65D81BC2B24C00268288 /* PBXContainerItemProxy */ = {
			isa = PBXContainerItemProxy;
			containerPortal = 3C9D65B61BC2B24C00268288 /* Project object */;
			proxyType = 1;
			remoteGlobalIDString = 3C9D65BD1BC2B24C00268288;
			remoteInfo = NewCALayer;
		};
		3C9D65E31BC2B24C00268288 /* PBXContainerItemProxy */ = {
			isa = PBXContainerItemProxy;
			containerPortal = 3C9D65B61BC2B24C00268288 /* Project object */;
			proxyType = 1;
			remoteGlobalIDString = 3C9D65BD1BC2B24C00268288;
			remoteInfo = NewCALayer;
		};
/* End PBXContainerItemProxy section */

/* Begin PBXFileReference section */
		3C9D65BE1BC2B24C00268288 /* NewCALayer.app */ = {isa = PBXFileReference; explicitFileType = wrapper.application; includeInIndex = 0; path = NewCALayer.app; sourceTree = BUILT_PRODUCTS_DIR; };
		3C9D65C21BC2B24C00268288 /* main.m */ = {isa = PBXFileReference; lastKnownFileType = sourcecode.c.objc; path = main.m; sourceTree = "<group>"; };
		3C9D65C41BC2B24C00268288 /* AppDelegate.h */ = {isa = PBXFileReference; lastKnownFileType = sourcecode.c.h; path = AppDelegate.h; sourceTree = "<group>"; };
		3C9D65C51BC2B24C00268288 /* AppDelegate.m */ = {isa = PBXFileReference; lastKnownFileType = sourcecode.c.objc; path = AppDelegate.m; sourceTree = "<group>"; };
		3C9D65C71BC2B24C00268288 /* ViewController.h */ = {isa = PBXFileReference; lastKnownFileType = sourcecode.c.h; path = ViewController.h; sourceTree = "<group>"; };
		3C9D65C81BC2B24C00268288 /* ViewController.m */ = {isa = PBXFileReference; lastKnownFileType = sourcecode.c.objc; path = ViewController.m; sourceTree = "<group>"; };
		3C9D65CB1BC2B24C00268288 /* Base */ = {isa = PBXFileReference; lastKnownFileType = file.storyboard; name = Base; path = Base.lproj/Main.storyboard; sourceTree = "<group>"; };
		3C9D65CD1BC2B24C00268288 /* Assets.xcassets */ = {isa = PBXFileReference; lastKnownFileType = folder.assetcatalog; path = Assets.xcassets; sourceTree = "<group>"; };
		3C9D65D01BC2B24C00268288 /* Base */ = {isa = PBXFileReference; lastKnownFileType = file.storyboard; name = Base; path = Base.lproj/LaunchScreen.storyboard; sourceTree = "<group>"; };
		3C9D65D21BC2B24C00268288 /* Info.plist */ = {isa = PBXFileReference; lastKnownFileType = text.plist.xml; path = Info.plist; sourceTree = "<group>"; };
		3C9D65D71BC2B24C00268288 /* NewCALayerTests.xctest */ = {isa = PBXFileReference; explicitFileType = wrapper.cfbundle; includeInIndex = 0; path = NewCALayerTests.xctest; sourceTree = BUILT_PRODUCTS_DIR; };
		3C9D65DB1BC2B24C00268288 /* NewCALayerTests.m */ = {isa = PBXFileReference; lastKnownFileType = sourcecode.c.objc; path = NewCALayerTests.m; sourceTree = "<group>"; };
		3C9D65DD1BC2B24C00268288 /* Info.plist */ = {isa = PBXFileReference; lastKnownFileType = text.plist.xml; path = Info.plist; sourceTree = "<group>"; };
		3C9D65E21BC2B24C00268288 /* NewCALayerUITests.xctest */ = {isa = PBXFileReference; explicitFileType = wrapper.cfbundle; includeInIndex = 0; path = NewCALayerUITests.xctest; sourceTree = BUILT_PRODUCTS_DIR; };
		3C9D65E61BC2B24C00268288 /* NewCALayerUITests.m */ = {isa = PBXFileReference; lastKnownFileType = sourcecode.c.objc; path = NewCALayerUITests.m; sourceTree = "<group>"; };
		3C9D65E81BC2B24C00268288 /* Info.plist */ = {isa = PBXFileReference; lastKnownFileType = text.plist.xml; path = Info.plist; sourceTree = "<group>"; };
/* End PBXFileReference section */

/* Begin PBXFrameworksBuildPhase section */
		3C9D65BB1BC2B24C00268288 /* Frameworks */ = {
			isa = PBXFrameworksBuildPhase;
			buildActionMask = 2147483647;
			files = (
			);
			runOnlyForDeploymentPostprocessing = 0;
		};
		3C9D65D41BC2B24C00268288 /* Frameworks */ = {
			isa = PBXFrameworksBuildPhase;
			buildActionMask = 2147483647;
			files = (
			);
			runOnlyForDeploymentPostprocessing = 0;
		};
		3C9D65DF1BC2B24C00268288 /* Frameworks */ = {
			isa = PBXFrameworksBuildPhase;
			buildActionMask = 2147483647;
			files = (
			);
			runOnlyForDeploymentPostprocessing = 0;
		};
/* End PBXFrameworksBuildPhase section */

/* Begin PBXGroup section */
		3C9D65B51BC2B24C00268288 = {
			isa = PBXGroup;
			children = (
				3C9D65C01BC2B24C00268288 /* NewCALayer */,
				3C9D65DA1BC2B24C00268288 /* NewCALayerTests */,
				3C9D65E51BC2B24C00268288 /* NewCALayerUITests */,
				3C9D65BF1BC2B24C00268288 /* Products */,
			);
			sourceTree = "<group>";
		};
		3C9D65BF1BC2B24C00268288 /* Products */ = {
			isa = PBXGroup;
			children = (
				3C9D65BE1BC2B24C00268288 /* NewCALayer.app */,
				3C9D65D71BC2B24C00268288 /* NewCALayerTests.xctest */,
				3C9D65E21BC2B24C00268288 /* NewCALayerUITests.xctest */,
			);
			name = Products;
			sourceTree = "<group>";
		};
		3C9D65C01BC2B24C00268288 /* NewCALayer */ = {
			isa = PBXGroup;
			children = (
				3C9D65C41BC2B24C00268288 /* AppDelegate.h */,
				3C9D65C51BC2B24C00268288 /* AppDelegate.m */,
				3C9D65C71BC2B24C00268288 /* ViewController.h */,
				3C9D65C81BC2B24C00268288 /* ViewController.m */,
				3C9D65CA1BC2B24C00268288 /* Main.storyboard */,
				3C9D65CD1BC2B24C00268288 /* Assets.xcassets */,
				3C9D65CF1BC2B24C00268288 /* LaunchScreen.storyboard */,
				3C9D65D21BC2B24C00268288 /* Info.plist */,
				3C9D65C11BC2B24C00268288 /* Supporting Files */,
			);
			path = NewCALayer;
			sourceTree = "<group>";
		};
		3C9D65C11BC2B24C00268288 /* Supporting Files */ = {
			isa = PBXGroup;
			children = (
				3C9D65C21BC2B24C00268288 /* main.m */,
			);
			name = "Supporting Files";
			sourceTree = "<group>";
		};
		3C9D65DA1BC2B24C00268288 /* NewCALayerTests */ = {
			isa = PBXGroup;
			children = (
				3C9D65DB1BC2B24C00268288 /* NewCALayerTests.m */,
				3C9D65DD1BC2B24C00268288 /* Info.plist */,
			);
			path = NewCALayerTests;
			sourceTree = "<group>";
		};
		3C9D65E51BC2B24C00268288 /* NewCALayerUITests */ = {
			isa = PBXGroup;
			children = (
				3C9D65E61BC2B24C00268288 /* NewCALayerUITests.m */,
				3C9D65E81BC2B24C00268288 /* Info.plist */,
			);
			path = NewCALayerUITests;
			sourceTree = "<group>";
		};
/* End PBXGroup section */

/* Begin PBXNativeTarget section */
		3C9D65BD1BC2B24C00268288 /* NewCALayer */ = {
			isa = PBXNativeTarget;
			buildConfigurationList = 3C9D65EB1BC2B24C00268288 /* Build configuration list for PBXNativeTarget "NewCALayer" */;
			buildPhases = (
				3C9D65BA1BC2B24C00268288 /* Sources */,
				3C9D65BB1BC2B24C00268288 /* Frameworks */,
				3C9D65BC1BC2B24C00268288 /* Resources */,
			);
			buildRules = (
			);
			dependencies = (
			);
			name = NewCALayer;
			productName = NewCALayer;
			productReference = 3C9D65BE1BC2B24C00268288 /* NewCALayer.app */;
			productType = "com.apple.product-type.application";
		};
		3C9D65D61BC2B24C00268288 /* NewCALayerTests */ = {
			isa = PBXNativeTarget;
			buildConfigurationList = 3C9D65EE1BC2B24C00268288 /* Build configuration list for PBXNativeTarget "NewCALayerTests" */;
			buildPhases = (
				3C9D65D31BC2B24C00268288 /* Sources */,
				3C9D65D41BC2B24C00268288 /* Frameworks */,
				3C9D65D51BC2B24C00268288 /* Resources */,
			);
			buildRules = (
			);
			dependencies = (
				3C9D65D91BC2B24C00268288 /* PBXTargetDependency */,
			);
			name = NewCALayerTests;
			productName = NewCALayerTests;
			productReference = 3C9D65D71BC2B24C00268288 /* NewCALayerTests.xctest */;
			productType = "com.apple.product-type.bundle.unit-test";
		};
		3C9D65E11BC2B24C00268288 /* NewCALayerUITests */ = {
			isa = PBXNativeTarget;
			buildConfigurationList = 3C9D65F11BC2B24C00268288 /* Build configuration list for PBXNativeTarget "NewCALayerUITests" */;
			buildPhases = (
				3C9D65DE1BC2B24C00268288 /* Sources */,
				3C9D65DF1BC2B24C00268288 /* Frameworks */,
				3C9D65E01BC2B24C00268288 /* Resources */,
			);
			buildRules = (
			);
			dependencies = (
				3C9D65E41BC2B24C00268288 /* PBXTargetDependency */,
			);
			name = NewCALayerUITests;
			productName = NewCALayerUITests;
			productReference = 3C9D65E21BC2B24C00268288 /* NewCALayerUITests.xctest */;
			productType = "com.apple.product-type.bundle.ui-testing";
		};
/* End PBXNativeTarget section */

/* Begin PBXProject section */
		3C9D65B61BC2B24C00268288 /* Project object */ = {
			isa = PBXProject;
			attributes = {
				LastUpgradeCheck = 0700;
				ORGANIZATIONNAME = AmberWhiteSky;
				TargetAttributes = {
					3C9D65BD1BC2B24C00268288 = {
						CreatedOnToolsVersion = 7.0.1;
					};
					3C9D65D61BC2B24C00268288 = {
						CreatedOnToolsVersion = 7.0.1;
						DevelopmentTeam = 8RPK9DE62C;
						TestTargetID = 3C9D65BD1BC2B24C00268288;
					};
					3C9D65E11BC2B24C00268288 = {
						CreatedOnToolsVersion = 7.0.1;
						DevelopmentTeam = 8RPK9DE62C;
						TestTargetID = 3C9D65BD1BC2B24C00268288;
					};
				};
			};
			buildConfigurationList = 3C9D65B91BC2B24C00268288 /* Build configuration list for PBXProject "NewCALayer" */;
			compatibilityVersion = "Xcode 3.2";
			developmentRegion = English;
			hasScannedForEncodings = 0;
			knownRegions = (
				en,
				Base,
			);
			mainGroup = 3C9D65B51BC2B24C00268288;
			productRefGroup = 3C9D65BF1BC2B24C00268288 /* Products */;
			projectDirPath = "";
			projectRoot = "";
			targets = (
				3C9D65BD1BC2B24C00268288 /* NewCALayer */,
				3C9D65D61BC2B24C00268288 /* NewCALayerTests */,
				3C9D65E11BC2B24C00268288 /* NewCALayerUITests */,
			);
		};
/* End PBXProject section */

/* Begin PBXResourcesBuildPhase section */
		3C9D65BC1BC2B24C00268288 /* Resources */ = {
			isa = PBXResourcesBuildPhase;
			buildActionMask = 2147483647;
			files = (
				3C9D65D11BC2B24C00268288 /* LaunchScreen.storyboard in Resources */,
				3C9D65CE1BC2B24C00268288 /* Assets.xcassets in Resources */,
				3C9D65CC1BC2B24C00268288 /* Main.storyboard in Resources */,
			);
			runOnlyForDeploymentPostprocessing = 0;
		};
		3C9D65D51BC2B24C00268288 /* Resources */ = {
			isa = PBXResourcesBuildPhase;
			buildActionMask = 2147483647;
			files = (
			);
			runOnlyForDeploymentPostprocessing = 0;
		};
		3C9D65E01BC2B24C00268288 /* Resources */ = {
			isa = PBXResourcesBuildPhase;
			buildActionMask = 2147483647;
			files = (
			);
			runOnlyForDeploymentPostprocessing = 0;
		};
/* End PBXResourcesBuildPhase section */

/* Begin PBXSourcesBuildPhase section */
		3C9D65BA1BC2B24C00268288 /* Sources */ = {
			isa = PBXSourcesBuildPhase;
			buildActionMask = 2147483647;
			files = (
				3C9D65C91BC2B24C00268288 /* ViewController.m in Sources */,
				3C9D65C61BC2B24C00268288 /* AppDelegate.m in Sources */,
				3C9D65C31BC2B24C00268288 /* main.m in Sources */,
			);
			runOnlyForDeploymentPostprocessing = 0;
		};
		3C9D65D31BC2B24C00268288 /* Sources */ = {
			isa = PBXSourcesBuildPhase;
			buildActionMask = 2147483647;
			files = (
				3C9D65DC1BC2B24C00268288 /* NewCALayerTests.m in Sources */,
			);
			runOnlyForDeploymentPostprocessing = 0;
		};
		3C9D65DE1BC2B24C00268288 /* Sources */ = {
			isa = PBXSourcesBuildPhase;
			buildActionMask = 2147483647;
			files = (
				3C9D65E71BC2B24C00268288 /* NewCALayerUITests.m in Sources */,
			);
			runOnlyForDeploymentPostprocessing = 0;
		};
/* End PBXSourcesBuildPhase section */

/* Begin PBXTargetDependency section */
		3C9D65D91BC2B24C00268288 /* PBXTargetDependency */ = {
			isa = PBXTargetDependency;
			target = 3C9D65BD1BC2B24C00268288 /* NewCALayer */;
			targetProxy = 3C9D65D81BC2B24C00268288 /* PBXContainerItemProxy */;
		};
		3C9D65E41BC2B24C00268288 /* PBXTargetDependency */ = {
			isa = PBXTargetDependency;
			target = 3C9D65BD1BC2B24C00268288 /* NewCALayer */;
			targetProxy = 3C9D65E31BC2B24C00268288 /* PBXContainerItemProxy */;
		};
/* End PBXTargetDependency section */

/* Begin PBXVariantGroup section */
		3C9D65CA1BC2B24C00268288 /* Main.storyboard */ = {
			isa = PBXVariantGroup;
			children = (
				3C9D65CB1BC2B24C00268288 /* Base */,
			);
			name = Main.storyboard;
			sourceTree = "<group>";
		};
		3C9D65CF1BC2B24C00268288 /* LaunchScreen.storyboard */ = {
			isa = PBXVariantGroup;
			children = (
				3C9D65D01BC2B24C00268288 /* Base */,
			);
			name = LaunchScreen.storyboard;
			sourceTree = "<group>";
		};
/* End PBXVariantGroup section */

/* Begin XCBuildConfiguration section */
		3C9D65E91BC2B24C00268288 /* Debug */ = {
			isa = XCBuildConfiguration;
			buildSettings = {
				ALWAYS_SEARCH_USER_PATHS = NO;
				CLANG_CXX_LANGUAGE_STANDARD = "gnu++0x";
				CLANG_CXX_LIBRARY = "libc++";
				CLANG_ENABLE_MODULES = YES;
				CLANG_ENABLE_OBJC_ARC = YES;
				CLANG_WARN_BOOL_CONVERSION = YES;
				CLANG_WARN_CONSTANT_CONVERSION = YES;
				CLANG_WARN_DIRECT_OBJC_ISA_USAGE = YES_ERROR;
				CLANG_WARN_EMPTY_BODY = YES;
				CLANG_WARN_ENUM_CONVERSION = YES;
				CLANG_WARN_INT_CONVERSION = YES;
				CLANG_WARN_OBJC_ROOT_CLASS = YES_ERROR;
				CLANG_WARN_UNREACHABLE_CODE = YES;
				CLANG_WARN__DUPLICATE_METHOD_MATCH = YES;
				"CODE_SIGN_IDENTITY[sdk=iphoneos*]" = "iPhone Developer";
				COPY_PHASE_STRIP = NO;
				DEBUG_INFORMATION_FORMAT = dwarf;
				ENABLE_STRICT_OBJC_MSGSEND = YES;
				ENABLE_TESTABILITY = YES;
				GCC_C_LANGUAGE_STANDARD = gnu99;
				GCC_DYNAMIC_NO_PIC = NO;
				GCC_NO_COMMON_BLOCKS = YES;
				GCC_OPTIMIZATION_LEVEL = 0;
				GCC_PREPROCESSOR_DEFINITIONS = (
					"DEBUG=1",
					"$(inherited)",
				);
				GCC_WARN_64_TO_32_BIT_CONVERSION = YES;
				GCC_WARN_ABOUT_RETURN_TYPE = YES_ERROR;
				GCC_WARN_UNDECLARED_SELECTOR = YES;
				GCC_WARN_UNINITIALIZED_AUTOS = YES_AGGRESSIVE;
				GCC_WARN_UNUSED_FUNCTION = YES;
				GCC_WARN_UNUSED_VARIABLE = YES;
				IPHONEOS_DEPLOYMENT_TARGET = 9.0;
				MTL_ENABLE_DEBUG_INFO = YES;
				ONLY_ACTIVE_ARCH = YES;
				SDKROOT = iphoneos;
			};
			name = Debug;
		};
		3C9D65EA1BC2B24C00268288 /* Release */ = {
			isa = XCBuildConfiguration;
			buildSettings = {
				ALWAYS_SEARCH_USER_PATHS = NO;
				CLANG_CXX_LANGUAGE_STANDARD = "gnu++0x";
				CLANG_CXX_LIBRARY = "libc++";
				CLANG_ENABLE_MODULES = YES;
				CLANG_ENABLE_OBJC_ARC = YES;
				CLANG_WARN_BOOL_CONVERSION = YES;
				CLANG_WARN_CONSTANT_CONVERSION = YES;
				CLANG_WARN_DIRECT_OBJC_ISA_USAGE = YES_ERROR;
				CLANG_WARN_EMPTY_BODY = YES;
				CLANG_WARN_ENUM_CONVERSION = YES;
				CLANG_WARN_INT_CONVERSION = YES;
				CLANG_WARN_OBJC_ROOT_CLASS = YES_ERROR;
				CLANG_WARN_UNREACHABLE_CODE = YES;
				CLANG_WARN__DUPLICATE_METHOD_MATCH = YES;
				"CODE_SIGN_IDENTITY[sdk=iphoneos*]" = "iPhone Developer";
				COPY_PHASE_STRIP = NO;
				DEBUG_INFORMATION_FORMAT = "dwarf-with-dsym";
				ENABLE_NS_ASSERTIONS = NO;
				ENABLE_STRICT_OBJC_MSGSEND = YES;
				GCC_C_LANGUAGE_STANDARD = gnu99;
				GCC_NO_COMMON_BLOCKS = YES;
				GCC_WARN_64_TO_32_BIT_CONVERSION = YES;
				GCC_WARN_ABOUT_RETURN_TYPE = YES_ERROR;
				GCC_WARN_UNDECLARED_SELECTOR = YES;
				GCC_WARN_UNINITIALIZED_AUTOS = YES_AGGRESSIVE;
				GCC_WARN_UNUSED_FUNCTION = YES;
				GCC_WARN_UNUSED_VARIABLE = YES;
				IPHONEOS_DEPLOYMENT_TARGET = 9.0;
				MTL_ENABLE_DEBUG_INFO = NO;
				SDKROOT = iphoneos;
				VALIDATE_PRODUCT = YES;
			};
			name = Release;
		};
		3C9D65EC1BC2B24C00268288 /* Debug */ = {
			isa = XCBuildConfiguration;
			buildSettings = {
				ASSETCATALOG_COMPILER_APPICON_NAME = AppIcon;
				CODE_SIGN_IDENTITY = "iPhone Developer";
				INFOPLIST_FILE = NewCALayer/Info.plist;
				LD_RUNPATH_SEARCH_PATHS = "$(inherited) @executable_path/Frameworks";
				PRODUCT_BUNDLE_IDENTIFIER = "com.amberwhitesky-163.com.NewCALayer";
				PRODUCT_NAME = "$(TARGET_NAME)";
			};
			name = Debug;
		};
		3C9D65ED1BC2B24C00268288 /* Release */ = {
			isa = XCBuildConfiguration;
			buildSettings = {
				ASSETCATALOG_COMPILER_APPICON_NAME = AppIcon;
				CODE_SIGN_IDENTITY = "iPhone Developer";
				INFOPLIST_FILE = NewCALayer/Info.plist;
				LD_RUNPATH_SEARCH_PATHS = "$(inherited) @executable_path/Frameworks";
				PRODUCT_BUNDLE_IDENTIFIER = "com.amberwhitesky-163.com.NewCALayer";
				PRODUCT_NAME = "$(TARGET_NAME)";
			};
			name = Release;
		};
		3C9D65EF1BC2B24C00268288 /* Debug */ = {
			isa = XCBuildConfiguration;
			buildSettings = {
				BUNDLE_LOADER = "$(TEST_HOST)";
				INFOPLIST_FILE = NewCALayerTests/Info.plist;
				LD_RUNPATH_SEARCH_PATHS = "$(inherited) @executable_path/Frameworks @loader_path/Frameworks";
				PRODUCT_BUNDLE_IDENTIFIER = "com.amberwhitesky-163.com.NewCALayerTests";
				PRODUCT_NAME = "$(TARGET_NAME)";
				TEST_HOST = "$(BUILT_PRODUCTS_DIR)/NewCALayer.app/NewCALayer";
			};
			name = Debug;
		};
		3C9D65F01BC2B24C00268288 /* Release */ = {
			isa = XCBuildConfiguration;
			buildSettings = {
				BUNDLE_LOADER = "$(TEST_HOST)";
				INFOPLIST_FILE = NewCALayerTests/Info.plist;
				LD_RUNPATH_SEARCH_PATHS = "$(inherited) @executable_path/Frameworks @loader_path/Frameworks";
				PRODUCT_BUNDLE_IDENTIFIER = "com.amberwhitesky-163.com.NewCALayerTests";
				PRODUCT_NAME = "$(TARGET_NAME)";
				TEST_HOST = "$(BUILT_PRODUCTS_DIR)/NewCALayer.app/NewCALayer";
			};
			name = Release;
		};
		3C9D65F21BC2B24C00268288 /* Debug */ = {
			isa = XCBuildConfiguration;
			buildSettings = {
				INFOPLIST_FILE = NewCALayerUITests/Info.plist;
				LD_RUNPATH_SEARCH_PATHS = "$(inherited) @executable_path/Frameworks @loader_path/Frameworks";
				PRODUCT_BUNDLE_IDENTIFIER = "com.amberwhitesky-163.com.NewCALayerUITests";
				PRODUCT_NAME = "$(TARGET_NAME)";
				TEST_TARGET_NAME = NewCALayer;
				USES_XCTRUNNER = YES;
			};
			name = Debug;
		};
		3C9D65F31BC2B24C00268288 /* Release */ = {
			isa = XCBuildConfiguration;
			buildSettings = {
				INFOPLIST_FILE = NewCALayerUITests/Info.plist;
				LD_RUNPATH_SEARCH_PATHS = "$(inherited) @executable_path/Frameworks @loader_path/Frameworks";
				PRODUCT_BUNDLE_IDENTIFIER = "com.amberwhitesky-163.com.NewCALayerUITests";
				PRODUCT_NAME = "$(TARGET_NAME)";
				TEST_TARGET_NAME = NewCALayer;
				USES_XCTRUNNER = YES;
			};
			name = Release;
		};
/* End XCBuildConfiguration section */

/* Begin XCConfigurationList section */
		3C9D65B91BC2B24C00268288 /* Build configuration list for PBXProject "NewCALayer" */ = {
			isa = XCConfigurationList;
			buildConfigurations = (
				3C9D65E91BC2B24C00268288 /* Debug */,
				3C9D65EA1BC2B24C00268288 /* Release */,
			);
			defaultConfigurationIsVisible = 0;
			defaultConfigurationName = Release;
		};
		3C9D65EB1BC2B24C00268288 /* Build configuration list for PBXNativeTarget "NewCALayer" */ = {
			isa = XCConfigurationList;
			buildConfigurations = (
				3C9D65EC1BC2B24C00268288 /* Debug */,
				3C9D65ED1BC2B24C00268288 /* Release */,
			);
			defaultConfigurationIsVisible = 0;
		};
		3C9D65EE1BC2B24C00268288 /* Build configuration list for PBXNativeTarget "NewCALayerTests" */ = {
			isa = XCConfigurationList;
			buildConfigurations = (
				3C9D65EF1BC2B24C00268288 /* Debug */,
				3C9D65F01BC2B24C00268288 /* Release */,
			);
			defaultConfigurationIsVisible = 0;
		};
		3C9D65F11BC2B24C00268288 /* Build configuration list for PBXNativeTarget "NewCALayerUITests" */ = {
			isa = XCConfigurationList;
			buildConfigurations = (
				3C9D65F21BC2B24C00268288 /* Debug */,
				3C9D65F31BC2B24C00268288 /* Release */,
			);
			defaultConfigurationIsVisible = 0;
		};
/* End XCConfigurationList section */
	};
	rootObject = 3C9D65B61BC2B24C00268288 /* Project object */;
}
